
Microsoft Visual Studio Solution File, Format Version 12.00
# Visual Studio 14
VisualStudioVersion = 14.0.25420.1
MinimumVisualStudioVersion = 10.0.40219.1
Project("{FAE04EC0-301F-11D3-BF4B-00C04F79EFBC}") = "Alex", "Alex\Alex.csproj", "{0E811179-612C-429B-B5EF-2BCF7D9509C6}"
EndProject
Project("{2150E333-8FDC-42A3-9474-1A3956D46DE8}") = "External", "External", "{D139F560-A966-4E98-9530-8A478C9CD0BB}"
EndProject
Project("{2150E333-8FDC-42A3-9474-1A3956D46DE8}") = "FNA", "FNA", "{F7EA4AF7-846F-4093-A509-A798188A0D89}"
EndProject
Project("{FAE04EC0-301F-11D3-BF4B-00C04F79EFBC}") = "FNA", "external\FNA\FNA.csproj", "{35253CE1-C864-4CD3-8249-4D1319748E8F}"
EndProject
Global
	GlobalSection(SolutionConfigurationPlatforms) = preSolution
		Debug|AnyCPU = Debug|AnyCPU
		Debug|x64 = Debug|x64
		Debug|x86 = Debug|x86
		Release|AnyCPU = Release|AnyCPU
		Release|x64 = Release|x64
		Release|x86 = Release|x86
	EndGlobalSection
	GlobalSection(ProjectConfigurationPlatforms) = postSolution
		{0E811179-612C-429B-B5EF-2BCF7D9509C6}.Debug|AnyCPU.ActiveCfg = Debug|x86
		{0E811179-612C-429B-B5EF-2BCF7D9509C6}.Debug|x64.ActiveCfg = Debug|x86
		{0E811179-612C-429B-B5EF-2BCF7D9509C6}.Debug|x86.ActiveCfg = Debug|x86
		{0E811179-612C-429B-B5EF-2BCF7D9509C6}.Debug|x86.Build.0 = Debug|x86
		{0E811179-612C-429B-B5EF-2BCF7D9509C6}.Release|AnyCPU.ActiveCfg = Release|x86
		{0E811179-612C-429B-B5EF-2BCF7D9509C6}.Release|x64.ActiveCfg = Release|x86
		{0E811179-612C-429B-B5EF-2BCF7D9509C6}.Release|x86.ActiveCfg = Release|x86
		{0E811179-612C-429B-B5EF-2BCF7D9509C6}.Release|x86.Build.0 = Release|x86
		{35253CE1-C864-4CD3-8249-4D1319748E8F}.Debug|AnyCPU.ActiveCfg = Debug|Any CPU
		{35253CE1-C864-4CD3-8249-4D1319748E8F}.Debug|AnyCPU.Build.0 = Debug|Any CPU
		{35253CE1-C864-4CD3-8249-4D1319748E8F}.Debug|x64.ActiveCfg = Debug|x64
		{35253CE1-C864-4CD3-8249-4D1319748E8F}.Debug|x64.Build.0 = Debug|x64
		{35253CE1-C864-4CD3-8249-4D1319748E8F}.Debug|x86.ActiveCfg = Debug|x86
		{35253CE1-C864-4CD3-8249-4D1319748E8F}.Debug|x86.Build.0 = Debug|x86
		{35253CE1-C864-4CD3-8249-4D1319748E8F}.Release|AnyCPU.ActiveCfg = Release|Any CPU
		{35253CE1-C864-4CD3-8249-4D1319748E8F}.Release|AnyCPU.Build.0 = Release|Any CPU
		{35253CE1-C864-4CD3-8249-4D1319748E8F}.Release|x64.ActiveCfg = Release|x64
		{35253CE1-C864-4CD3-8249-4D1319748E8F}.Release|x64.Build.0 = Release|x64
		{35253CE1-C864-4CD3-8249-4D1319748E8F}.Release|x86.ActiveCfg = Release|x86
		{35253CE1-C864-4CD3-8249-4D1319748E8F}.Release|x86.Build.0 = Release|x86
	EndGlobalSection
	GlobalSection(SolutionProperties) = preSolution
		HideSolutionNode = FALSE
	EndGlobalSection
	GlobalSection(NestedProjects) = preSolution
		{F7EA4AF7-846F-4093-A509-A798188A0D89} = {D139F560-A966-4E98-9530-8A478C9CD0BB}
		{35253CE1-C864-4CD3-8249-4D1319748E8F} = {F7EA4AF7-846F-4093-A509-A798188A0D89}
	EndGlobalSection
	GlobalSection(MonoDevelopProperties) = preSolution
		StartupItem = FNA.csproj
	EndGlobalSection
EndGlobal
