
Microsoft Visual Studio Solution File, Format Version 12.00
# Visual Studio 15
VisualStudioVersion = 15.0.27130.2036
MinimumVisualStudioVersion = 10.0.40219.1
Project("{FAE04EC0-301F-11D3-BF4B-00C04F79EFBC}") = "Alex.Data", "Alex.Data\Alex.Data.csproj", "{63D936AD-3498-45F6-84A9-48DAFCEF7D96}"
EndProject
Project("{9A19103F-16F7-4668-BE54-9A1E7A4F7556}") = "Alex.CoreRT", "CoreRT\Alex.CoreRT\Alex.CoreRT.csproj", "{C360D9A4-C1AC-4A41-8A49-ADE1306DB389}"
EndProject
Project("{2150E333-8FDC-42A3-9474-1A3956D46DE8}") = "CoreRT", "CoreRT", "{165FD546-9649-40F7-B5E4-6930D4F941EB}"
EndProject
Project("{9A19103F-16F7-4668-BE54-9A1E7A4F7556}") = "Alex.CoreRT.API", "CoreRT\Alex.CoreRT.API\Alex.CoreRT.API.csproj", "{DFC77469-ABB6-4111-A961-AE9B3AD22F34}"
EndProject
Project("{9A19103F-16F7-4668-BE54-9A1E7A4F7556}") = "ResourcePackLib.CoreRT", "CoreRT\ResourcePackLib.CoreRT\ResourcePackLib.CoreRT.csproj", "{F66C6662-266E-46DB-A8E6-C4F826B34DAC}"
EndProject
Project("{FAE04EC0-301F-11D3-BF4B-00C04F79EFBC}") = "Alex.Networking", "Alex.Networking\Alex.Networking.csproj", "{9ED91B80-5470-4EE2-A8F4-D3092D7684A1}"
EndProject
Global
	GlobalSection(SolutionConfigurationPlatforms) = preSolution
		Debug|AnyCPU = Debug|AnyCPU
		Debug|x64 = Debug|x64
		Debug|x86 = Debug|x86
		Release|AnyCPU = Release|AnyCPU
		Release|x64 = Release|x64
		Release|x86 = Release|x86
	EndGlobalSection
	GlobalSection(ProjectConfigurationPlatforms) = postSolution
		{63D936AD-3498-45F6-84A9-48DAFCEF7D96}.Debug|AnyCPU.ActiveCfg = Debug|Any CPU
		{63D936AD-3498-45F6-84A9-48DAFCEF7D96}.Debug|AnyCPU.Build.0 = Debug|Any CPU
		{63D936AD-3498-45F6-84A9-48DAFCEF7D96}.Debug|x64.ActiveCfg = Debug|Any CPU
		{63D936AD-3498-45F6-84A9-48DAFCEF7D96}.Debug|x64.Build.0 = Debug|Any CPU
		{63D936AD-3498-45F6-84A9-48DAFCEF7D96}.Debug|x86.ActiveCfg = Debug|Any CPU
		{63D936AD-3498-45F6-84A9-48DAFCEF7D96}.Debug|x86.Build.0 = Debug|Any CPU
		{63D936AD-3498-45F6-84A9-48DAFCEF7D96}.Release|AnyCPU.ActiveCfg = Release|Any CPU
		{63D936AD-3498-45F6-84A9-48DAFCEF7D96}.Release|AnyCPU.Build.0 = Release|Any CPU
		{63D936AD-3498-45F6-84A9-48DAFCEF7D96}.Release|x64.ActiveCfg = Release|Any CPU
		{63D936AD-3498-45F6-84A9-48DAFCEF7D96}.Release|x64.Build.0 = Release|Any CPU
		{63D936AD-3498-45F6-84A9-48DAFCEF7D96}.Release|x86.ActiveCfg = Release|Any CPU
		{63D936AD-3498-45F6-84A9-48DAFCEF7D96}.Release|x86.Build.0 = Release|Any CPU
		{C360D9A4-C1AC-4A41-8A49-ADE1306DB389}.Debug|AnyCPU.ActiveCfg = Debug|Any CPU
		{C360D9A4-C1AC-4A41-8A49-ADE1306DB389}.Debug|AnyCPU.Build.0 = Debug|Any CPU
		{C360D9A4-C1AC-4A41-8A49-ADE1306DB389}.Debug|x64.ActiveCfg = Debug|Any CPU
		{C360D9A4-C1AC-4A41-8A49-ADE1306DB389}.Debug|x64.Build.0 = Debug|Any CPU
		{C360D9A4-C1AC-4A41-8A49-ADE1306DB389}.Debug|x86.ActiveCfg = Debug|Any CPU
		{C360D9A4-C1AC-4A41-8A49-ADE1306DB389}.Debug|x86.Build.0 = Debug|Any CPU
		{C360D9A4-C1AC-4A41-8A49-ADE1306DB389}.Release|AnyCPU.ActiveCfg = Release|Any CPU
		{C360D9A4-C1AC-4A41-8A49-ADE1306DB389}.Release|AnyCPU.Build.0 = Release|Any CPU
		{C360D9A4-C1AC-4A41-8A49-ADE1306DB389}.Release|x64.ActiveCfg = Release|Any CPU
		{C360D9A4-C1AC-4A41-8A49-ADE1306DB389}.Release|x64.Build.0 = Release|Any CPU
		{C360D9A4-C1AC-4A41-8A49-ADE1306DB389}.Release|x86.ActiveCfg = Release|Any CPU
		{C360D9A4-C1AC-4A41-8A49-ADE1306DB389}.Release|x86.Build.0 = Release|Any CPU
		{DFC77469-ABB6-4111-A961-AE9B3AD22F34}.Debug|AnyCPU.ActiveCfg = Debug|Any CPU
		{DFC77469-ABB6-4111-A961-AE9B3AD22F34}.Debug|AnyCPU.Build.0 = Debug|Any CPU
		{DFC77469-ABB6-4111-A961-AE9B3AD22F34}.Debug|x64.ActiveCfg = Debug|Any CPU
		{DFC77469-ABB6-4111-A961-AE9B3AD22F34}.Debug|x64.Build.0 = Debug|Any CPU
		{DFC77469-ABB6-4111-A961-AE9B3AD22F34}.Debug|x86.ActiveCfg = Debug|Any CPU
		{DFC77469-ABB6-4111-A961-AE9B3AD22F34}.Debug|x86.Build.0 = Debug|Any CPU
		{DFC77469-ABB6-4111-A961-AE9B3AD22F34}.Release|AnyCPU.ActiveCfg = Release|Any CPU
		{DFC77469-ABB6-4111-A961-AE9B3AD22F34}.Release|AnyCPU.Build.0 = Release|Any CPU
		{DFC77469-ABB6-4111-A961-AE9B3AD22F34}.Release|x64.ActiveCfg = Release|Any CPU
		{DFC77469-ABB6-4111-A961-AE9B3AD22F34}.Release|x64.Build.0 = Release|Any CPU
		{DFC77469-ABB6-4111-A961-AE9B3AD22F34}.Release|x86.ActiveCfg = Release|Any CPU
		{DFC77469-ABB6-4111-A961-AE9B3AD22F34}.Release|x86.Build.0 = Release|Any CPU
		{F66C6662-266E-46DB-A8E6-C4F826B34DAC}.Debug|AnyCPU.ActiveCfg = Debug|Any CPU
		{F66C6662-266E-46DB-A8E6-C4F826B34DAC}.Debug|AnyCPU.Build.0 = Debug|Any CPU
		{F66C6662-266E-46DB-A8E6-C4F826B34DAC}.Debug|x64.ActiveCfg = Debug|Any CPU
		{F66C6662-266E-46DB-A8E6-C4F826B34DAC}.Debug|x64.Build.0 = Debug|Any CPU
		{F66C6662-266E-46DB-A8E6-C4F826B34DAC}.Debug|x86.ActiveCfg = Debug|Any CPU
		{F66C6662-266E-46DB-A8E6-C4F826B34DAC}.Debug|x86.Build.0 = Debug|Any CPU
		{F66C6662-266E-46DB-A8E6-C4F826B34DAC}.Release|AnyCPU.ActiveCfg = Release|Any CPU
		{F66C6662-266E-46DB-A8E6-C4F826B34DAC}.Release|AnyCPU.Build.0 = Release|Any CPU
		{F66C6662-266E-46DB-A8E6-C4F826B34DAC}.Release|x64.ActiveCfg = Release|Any CPU
		{F66C6662-266E-46DB-A8E6-C4F826B34DAC}.Release|x64.Build.0 = Release|Any CPU
		{F66C6662-266E-46DB-A8E6-C4F826B34DAC}.Release|x86.ActiveCfg = Release|Any CPU
		{F66C6662-266E-46DB-A8E6-C4F826B34DAC}.Release|x86.Build.0 = Release|Any CPU
		{9ED91B80-5470-4EE2-A8F4-D3092D7684A1}.Debug|AnyCPU.ActiveCfg = Debug|Any CPU
		{9ED91B80-5470-4EE2-A8F4-D3092D7684A1}.Debug|AnyCPU.Build.0 = Debug|Any CPU
		{9ED91B80-5470-4EE2-A8F4-D3092D7684A1}.Debug|x64.ActiveCfg = Debug|Any CPU
		{9ED91B80-5470-4EE2-A8F4-D3092D7684A1}.Debug|x64.Build.0 = Debug|Any CPU
		{9ED91B80-5470-4EE2-A8F4-D3092D7684A1}.Debug|x86.ActiveCfg = Debug|Any CPU
		{9ED91B80-5470-4EE2-A8F4-D3092D7684A1}.Debug|x86.Build.0 = Debug|Any CPU
		{9ED91B80-5470-4EE2-A8F4-D3092D7684A1}.Release|AnyCPU.ActiveCfg = Release|Any CPU
		{9ED91B80-5470-4EE2-A8F4-D3092D7684A1}.Release|AnyCPU.Build.0 = Release|Any CPU
		{9ED91B80-5470-4EE2-A8F4-D3092D7684A1}.Release|x64.ActiveCfg = Release|Any CPU
		{9ED91B80-5470-4EE2-A8F4-D3092D7684A1}.Release|x64.Build.0 = Release|Any CPU
		{9ED91B80-5470-4EE2-A8F4-D3092D7684A1}.Release|x86.ActiveCfg = Release|Any CPU
		{9ED91B80-5470-4EE2-A8F4-D3092D7684A1}.Release|x86.Build.0 = Release|Any CPU
	EndGlobalSection
	GlobalSection(SolutionProperties) = preSolution
		HideSolutionNode = FALSE
	EndGlobalSection
	GlobalSection(NestedProjects) = preSolution
		{C360D9A4-C1AC-4A41-8A49-ADE1306DB389} = {165FD546-9649-40F7-B5E4-6930D4F941EB}
		{DFC77469-ABB6-4111-A961-AE9B3AD22F34} = {165FD546-9649-40F7-B5E4-6930D4F941EB}
		{F66C6662-266E-46DB-A8E6-C4F826B34DAC} = {165FD546-9649-40F7-B5E4-6930D4F941EB}
	EndGlobalSection
	GlobalSection(ExtensibilityGlobals) = postSolution
		SolutionGuid = {32B4D997-4F97-43FC-9636-1E35A79AA844}
	EndGlobalSection
	GlobalSection(MonoDevelopProperties) = preSolution
		StartupItem = FNA.csproj
	EndGlobalSection
EndGlobal
