
Microsoft Visual Studio Solution File, Format Version 12.00
# Visual Studio Version 16
VisualStudioVersion = 16.0.29006.145
MinimumVisualStudioVersion = 10.0.40219.1
Project("{9A19103F-16F7-4668-BE54-9A1E7A4F7556}") = "Alex", "Alex\Alex.csproj", "{C360D9A4-C1AC-4A41-8A49-ADE1306DB389}"
EndProject
Project("{9A19103F-16F7-4668-BE54-9A1E7A4F7556}") = "Alex.API", "Alex.API\Alex.API.csproj", "{DFC77469-ABB6-4111-A961-AE9B3AD22F34}"
EndProject
Project("{9A19103F-16F7-4668-BE54-9A1E7A4F7556}") = "Alex.ResourcePackLib", "Alex.ResourcePackLib\Alex.ResourcePackLib.csproj", "{F66C6662-266E-46DB-A8E6-C4F826B34DAC}"
EndProject
Project("{9A19103F-16F7-4668-BE54-9A1E7A4F7556}") = "Alex.Networking", "Alex.Networking\Alex.Networking.csproj", "{9ED91B80-5470-4EE2-A8F4-D3092D7684A1}"
EndProject
Project("{2150E333-8FDC-42A3-9474-1A3956D46DE8}") = "Solution Items", "Solution Items", "{24C97272-67C0-4A77-BDA2-0F53D88C6EEE}"
	ProjectSection(SolutionItems) = preProject
		NuGet.Config = NuGet.Config
	EndProjectSection
EndProject
Project("{2150E333-8FDC-42A3-9474-1A3956D46DE8}") = "Submodules", "Submodules", "{EFAB7DE5-DBE8-4BF4-9932-2433903A20BD}"
EndProject
Project("{2150E333-8FDC-42A3-9474-1A3956D46DE8}") = "MiNET", "MiNET", "{3ABC6405-7D86-4BBB-A82E-469A0F51F1E0}"
EndProject
Project("{9A19103F-16F7-4668-BE54-9A1E7A4F7556}") = "MiNET", "..\lib\MiNET\src\MiNET\MiNET\MiNET.csproj", "{1E1012FD-B1B6-477C-AE40-8889427ACFD6}"
EndProject
Project("{9A19103F-16F7-4668-BE54-9A1E7A4F7556}") = "MiNET.Client", "..\lib\MiNET\src\MiNET\MiNET.Client\MiNET.Client.csproj", "{1361FC97-140C-4911-A9BC-EE20D7E70009}"
EndProject
Project("{2150E333-8FDC-42A3-9474-1A3956D46DE8}") = "Tools", "Tools", "{B4A8F155-1C9C-4133-81D5-8FCFB4831292}"
EndProject
Project("{9A19103F-16F7-4668-BE54-9A1E7A4F7556}") = "ResourceConverterCore", "Tools\ResourceConverterCore\ResourceConverterCore.csproj", "{11E4C649-76D0-4E6C-8FB9-E426941E74CD}"
EndProject
Project("{2150E333-8FDC-42A3-9474-1A3956D46DE8}") = "Testing", "Testing", "{38FF8D15-D5F6-4F90-820C-95E57363A07C}"
EndProject
Project("{9A19103F-16F7-4668-BE54-9A1E7A4F7556}") = "Benchmarks", "Benchmarks\Benchmarks.csproj", "{3C7A4E74-D66B-4B8E-9165-380E52AF25FD}"
EndProject
Project("{9A19103F-16F7-4668-BE54-9A1E7A4F7556}") = "Alex.GuiDebugger", "Alex.GuiDebugger\Alex.GuiDebugger.csproj", "{17510214-1A0D-450A-A85E-8C8B64F93F4C}"
EndProject
Project("{9A19103F-16F7-4668-BE54-9A1E7A4F7556}") = "Alex.GuiDebugger.Common", "Alex.GuiDebugger.Common\Alex.GuiDebugger.Common.csproj", "{D17BB89F-2A8B-42AE-8E9A-21281C010B4B}"
EndProject
Project("{9A19103F-16F7-4668-BE54-9A1E7A4F7556}") = "Alex.GuiDebugger2", "Alex.GuiDebugger2\Alex.GuiDebugger2.csproj", "{3F4B7345-C56A-4DAB-A1B5-AC41DCB8797B}"
EndProject
Global
	GlobalSection(SolutionConfigurationPlatforms) = preSolution
		Debug|x64 = Debug|x64
		Release|x64 = Release|x64
	EndGlobalSection
	GlobalSection(ProjectConfigurationPlatforms) = postSolution
		{C360D9A4-C1AC-4A41-8A49-ADE1306DB389}.Debug|x64.ActiveCfg = Debug|x64
		{C360D9A4-C1AC-4A41-8A49-ADE1306DB389}.Debug|x64.Build.0 = Debug|x64
		{C360D9A4-C1AC-4A41-8A49-ADE1306DB389}.Release|x64.ActiveCfg = Release|x64
		{C360D9A4-C1AC-4A41-8A49-ADE1306DB389}.Release|x64.Build.0 = Release|x64
		{DFC77469-ABB6-4111-A961-AE9B3AD22F34}.Debug|x64.ActiveCfg = Debug|x64
		{DFC77469-ABB6-4111-A961-AE9B3AD22F34}.Debug|x64.Build.0 = Debug|x64
		{DFC77469-ABB6-4111-A961-AE9B3AD22F34}.Release|x64.ActiveCfg = Release|x64
		{DFC77469-ABB6-4111-A961-AE9B3AD22F34}.Release|x64.Build.0 = Release|x64
		{9ED91B80-5470-4EE2-A8F4-D3092D7684A1}.Debug|x64.ActiveCfg = Debug|x64
		{9ED91B80-5470-4EE2-A8F4-D3092D7684A1}.Debug|x64.Build.0 = Debug|x64
		{9ED91B80-5470-4EE2-A8F4-D3092D7684A1}.Release|x64.ActiveCfg = Release|x64
		{9ED91B80-5470-4EE2-A8F4-D3092D7684A1}.Release|x64.Build.0 = Release|x64
		{F66C6662-266E-46DB-A8E6-C4F826B34DAC}.Debug|x64.ActiveCfg = Debug|x64
		{F66C6662-266E-46DB-A8E6-C4F826B34DAC}.Debug|x64.Build.0 = Debug|x64
		{F66C6662-266E-46DB-A8E6-C4F826B34DAC}.Release|x64.ActiveCfg = Release|x64
		{F66C6662-266E-46DB-A8E6-C4F826B34DAC}.Release|x64.Build.0 = Release|x64
		{3C7A4E74-D66B-4B8E-9165-380E52AF25FD}.Debug|x64.ActiveCfg = Debug|x64
		{3C7A4E74-D66B-4B8E-9165-380E52AF25FD}.Debug|x64.Build.0 = Debug|x64
		{3C7A4E74-D66B-4B8E-9165-380E52AF25FD}.Release|x64.ActiveCfg = Release|x64
		{3C7A4E74-D66B-4B8E-9165-380E52AF25FD}.Release|x64.Build.0 = Release|x64
		{1E1012FD-B1B6-477C-AE40-8889427ACFD6}.Debug|x64.ActiveCfg = Debug|x64
		{1E1012FD-B1B6-477C-AE40-8889427ACFD6}.Debug|x64.Build.0 = Debug|x64
		{1E1012FD-B1B6-477C-AE40-8889427ACFD6}.Release|x64.ActiveCfg = Release|x64
		{1E1012FD-B1B6-477C-AE40-8889427ACFD6}.Release|x64.Build.0 = Release|x64
		{1361FC97-140C-4911-A9BC-EE20D7E70009}.Debug|x64.ActiveCfg = Debug|x64
		{1361FC97-140C-4911-A9BC-EE20D7E70009}.Debug|x64.Build.0 = Debug|x64
		{1361FC97-140C-4911-A9BC-EE20D7E70009}.Release|x64.ActiveCfg = Release|x64
		{1361FC97-140C-4911-A9BC-EE20D7E70009}.Release|x64.Build.0 = Release|x64
		{11E4C649-76D0-4E6C-8FB9-E426941E74CD}.Debug|x64.ActiveCfg = Debug|x64
		{11E4C649-76D0-4E6C-8FB9-E426941E74CD}.Debug|x64.Build.0 = Debug|x64
		{11E4C649-76D0-4E6C-8FB9-E426941E74CD}.Release|x64.ActiveCfg = Release|x64
		{11E4C649-76D0-4E6C-8FB9-E426941E74CD}.Release|x64.Build.0 = Release|x64
	EndGlobalSection
	GlobalSection(SolutionProperties) = preSolution
		HideSolutionNode = FALSE
	EndGlobalSection
	GlobalSection(NestedProjects) = preSolution
		{3ABC6405-7D86-4BBB-A82E-469A0F51F1E0} = {EFAB7DE5-DBE8-4BF4-9932-2433903A20BD}
		{1E1012FD-B1B6-477C-AE40-8889427ACFD6} = {3ABC6405-7D86-4BBB-A82E-469A0F51F1E0}
		{1361FC97-140C-4911-A9BC-EE20D7E70009} = {3ABC6405-7D86-4BBB-A82E-469A0F51F1E0}
		{11E4C649-76D0-4E6C-8FB9-E426941E74CD} = {B4A8F155-1C9C-4133-81D5-8FCFB4831292}
		{3C7A4E74-D66B-4B8E-9165-380E52AF25FD} = {38FF8D15-D5F6-4F90-820C-95E57363A07C}
	EndGlobalSection
	GlobalSection(ExtensibilityGlobals) = postSolution
		SolutionGuid = {32B4D997-4F97-43FC-9636-1E35A79AA844}
	EndGlobalSection
	GlobalSection(MonoDevelopProperties) = preSolution
		StartupItem = FNA.csproj
	EndGlobalSection
EndGlobal
